
Microsoft Visual Studio Solution File, Format Version 12.00
# Visual Studio Version 17
VisualStudioVersion = 17.9.34728.123
MinimumVisualStudioVersion = 10.0.40219.1
Project("{9A19103F-16F7-4668-BE54-9A1E7A4F7556}") = "NLayer.Core", "NLayer.Core\NLayer.Core.csproj", "{93A59B61-0FB9-4A13-A417-4BD51C88BEF5}"
EndProject
Project("{9A19103F-16F7-4668-BE54-9A1E7A4F7556}") = "NLayer.Repository", "NLayer.Repository\NLayer.Repository.csproj", "{52FECF40-74A8-4DC1-A5FA-8AB59D25A4D9}"
EndProject
Project("{FAE04EC0-301F-11D3-BF4B-00C04F79EFBC}") = "Nlayer.Service", "Nlayer.Service\Nlayer.Service.csproj", "{6940F63E-6038-4326-953A-35060E21355D}"
EndProject
Project("{FAE04EC0-301F-11D3-BF4B-00C04F79EFBC}") = "NLayer.Caching", "NLayer.Caching\NLayer.Caching.csproj", "{069C950D-05A8-4D2B-90BF-45F5AA9CB4F2}"
EndProject
Project("{FAE04EC0-301F-11D3-BF4B-00C04F79EFBC}") = "NLayer.API", "NLayer.API\NLayer.API.csproj", "{D83695CE-0897-49D2-9261-6D0706F8B61D}"
EndProject
Project("{FAE04EC0-301F-11D3-BF4B-00C04F79EFBC}") = "NLayer.Web", "NLayer.Web\NLayer.Web.csproj", "{CD24B0D7-1DD4-495F-BFDB-011F93F9713F}"
EndProject
Global
	GlobalSection(SolutionConfigurationPlatforms) = preSolution
		Debug|Any CPU = Debug|Any CPU
		Release|Any CPU = Release|Any CPU
	EndGlobalSection
	GlobalSection(ProjectConfigurationPlatforms) = postSolution
		{93A59B61-0FB9-4A13-A417-4BD51C88BEF5}.Debug|Any CPU.ActiveCfg = Debug|Any CPU
		{93A59B61-0FB9-4A13-A417-4BD51C88BEF5}.Debug|Any CPU.Build.0 = Debug|Any CPU
		{93A59B61-0FB9-4A13-A417-4BD51C88BEF5}.Release|Any CPU.ActiveCfg = Release|Any CPU
		{93A59B61-0FB9-4A13-A417-4BD51C88BEF5}.Release|Any CPU.Build.0 = Release|Any CPU
		{52FECF40-74A8-4DC1-A5FA-8AB59D25A4D9}.Debug|Any CPU.ActiveCfg = Debug|Any CPU
		{52FECF40-74A8-4DC1-A5FA-8AB59D25A4D9}.Debug|Any CPU.Build.0 = Debug|Any CPU
		{52FECF40-74A8-4DC1-A5FA-8AB59D25A4D9}.Release|Any CPU.ActiveCfg = Release|Any CPU
		{52FECF40-74A8-4DC1-A5FA-8AB59D25A4D9}.Release|Any CPU.Build.0 = Release|Any CPU
		{6940F63E-6038-4326-953A-35060E21355D}.Debug|Any CPU.ActiveCfg = Debug|Any CPU
		{6940F63E-6038-4326-953A-35060E21355D}.Debug|Any CPU.Build.0 = Debug|Any CPU
		{6940F63E-6038-4326-953A-35060E21355D}.Release|Any CPU.ActiveCfg = Release|Any CPU
		{6940F63E-6038-4326-953A-35060E21355D}.Release|Any CPU.Build.0 = Release|Any CPU
		{069C950D-05A8-4D2B-90BF-45F5AA9CB4F2}.Debug|Any CPU.ActiveCfg = Debug|Any CPU
		{069C950D-05A8-4D2B-90BF-45F5AA9CB4F2}.Debug|Any CPU.Build.0 = Debug|Any CPU
		{069C950D-05A8-4D2B-90BF-45F5AA9CB4F2}.Release|Any CPU.ActiveCfg = Release|Any CPU
		{069C950D-05A8-4D2B-90BF-45F5AA9CB4F2}.Release|Any CPU.Build.0 = Release|Any CPU
		{D83695CE-0897-49D2-9261-6D0706F8B61D}.Debug|Any CPU.ActiveCfg = Debug|Any CPU
		{D83695CE-0897-49D2-9261-6D0706F8B61D}.Debug|Any CPU.Build.0 = Debug|Any CPU
		{D83695CE-0897-49D2-9261-6D0706F8B61D}.Release|Any CPU.ActiveCfg = Release|Any CPU
		{D83695CE-0897-49D2-9261-6D0706F8B61D}.Release|Any CPU.Build.0 = Release|Any CPU
		{CD24B0D7-1DD4-495F-BFDB-011F93F9713F}.Debug|Any CPU.ActiveCfg = Debug|Any CPU
		{CD24B0D7-1DD4-495F-BFDB-011F93F9713F}.Debug|Any CPU.Build.0 = Debug|Any CPU
		{CD24B0D7-1DD4-495F-BFDB-011F93F9713F}.Release|Any CPU.ActiveCfg = Release|Any CPU
		{CD24B0D7-1DD4-495F-BFDB-011F93F9713F}.Release|Any CPU.Build.0 = Release|Any CPU
	EndGlobalSection
	GlobalSection(SolutionProperties) = preSolution
		HideSolutionNode = FALSE
	EndGlobalSection
	GlobalSection(ExtensibilityGlobals) = postSolution
		SolutionGuid = {E051512E-116D-432D-8740-AFFE02B2F7FF}
	EndGlobalSection
EndGlobal
