
Microsoft Visual Studio Solution File, Format Version 12.00
# Visual Studio Version 17
VisualStudioVersion = 17.9.34728.123
MinimumVisualStudioVersion = 10.0.40219.1
Project("{9A19103F-16F7-4668-BE54-9A1E7A4F7556}") = "NLayer.Core", "NLayer.Core\NLayer.Core.csproj", "{93A59B61-0FB9-4A13-A417-4BD51C88BEF5}"
EndProject
Project("{FAE04EC0-301F-11D3-BF4B-00C04F79EFBC}") = "NLayer.Repository", "NLayer.Repository\NLayer.Repository.csproj", "{52FECF40-74A8-4DC1-A5FA-8AB59D25A4D9}"
EndProject
Global
	GlobalSection(SolutionConfigurationPlatforms) = preSolution
		Debug|Any CPU = Debug|Any CPU
		Release|Any CPU = Release|Any CPU
	EndGlobalSection
	GlobalSection(ProjectConfigurationPlatforms) = postSolution
		{93A59B61-0FB9-4A13-A417-4BD51C88BEF5}.Debug|Any CPU.ActiveCfg = Debug|Any CPU
		{93A59B61-0FB9-4A13-A417-4BD51C88BEF5}.Debug|Any CPU.Build.0 = Debug|Any CPU
		{93A59B61-0FB9-4A13-A417-4BD51C88BEF5}.Release|Any CPU.ActiveCfg = Release|Any CPU
		{93A59B61-0FB9-4A13-A417-4BD51C88BEF5}.Release|Any CPU.Build.0 = Release|Any CPU
		{52FECF40-74A8-4DC1-A5FA-8AB59D25A4D9}.Debug|Any CPU.ActiveCfg = Debug|Any CPU
		{52FECF40-74A8-4DC1-A5FA-8AB59D25A4D9}.Debug|Any CPU.Build.0 = Debug|Any CPU
		{52FECF40-74A8-4DC1-A5FA-8AB59D25A4D9}.Release|Any CPU.ActiveCfg = Release|Any CPU
		{52FECF40-74A8-4DC1-A5FA-8AB59D25A4D9}.Release|Any CPU.Build.0 = Release|Any CPU
	EndGlobalSection
	GlobalSection(SolutionProperties) = preSolution
		HideSolutionNode = FALSE
	EndGlobalSection
	GlobalSection(ExtensibilityGlobals) = postSolution
		SolutionGuid = {E051512E-116D-432D-8740-AFFE02B2F7FF}
	EndGlobalSection
EndGlobal
